
Microsoft Visual Studio Solution File, Format Version 12.00
# Visual Studio Version 17
VisualStudioVersion = 17.0.31903.59
MinimumVisualStudioVersion = 10.0.40219.1
Project("{2150E333-8FDC-42A3-9474-1A3956D46DE8}") = "samples", "samples", "{1C8BEBD5-0EE6-49BE-940B-FE9F40212751}"
EndProject
Project("{2150E333-8FDC-42A3-9474-1A3956D46DE8}") = "src", "src", "{AA9252E5-1AC8-4F00-BD33-3DDB40C24F9F}"
EndProject
Project("{FAE04EC0-301F-11D3-BF4B-00C04F79EFBC}") = "CocoNats.Abstractions", "src\CocoNats.Abstractions\CocoNats.Abstractions.csproj", "{BA9F3B45-F0E3-4002-9657-976402DE0131}"
EndProject
Project("{FAE04EC0-301F-11D3-BF4B-00C04F79EFBC}") = "CocoNats.Core", "src\CocoNats.Core\CocoNats.Core.csproj", "{D6813869-18FD-40A3-A9A0-0E35884BBDD0}"
EndProject
Project("{2150E333-8FDC-42A3-9474-1A3956D46DE8}") = "test", "test", "{CDBCC003-D6FC-4A2E-8F18-34A6576ECDFE}"
EndProject
Project("{FAE04EC0-301F-11D3-BF4B-00C04F79EFBC}") = "CocoNats.CoreTests", "test\CocoNats.CoreTests\CocoNats.CoreTests.csproj", "{3E650C35-4765-485C-9CB2-A9D315678567}"
EndProject
Project("{2150E333-8FDC-42A3-9474-1A3956D46DE8}") = "Blazorwasm", "Blazorwasm", "{0DA01A5F-A769-4E9E-8E24-49DF57E13F6D}"
EndProject
Project("{2150E333-8FDC-42A3-9474-1A3956D46DE8}") = "CocoNats.Sample", "CocoNats.Sample", "{CB5CF3A1-8660-49CE-B131-2237160AF0ED}"
EndProject
Project("{FAE04EC0-301F-11D3-BF4B-00C04F79EFBC}") = "CocoNats.Sample.Client", "samples\Blazorwasm\CocoNats.Sample\Client\CocoNats.Sample.Client.csproj", "{A8C8F883-C5B5-4B33-960C-4CBDC8AC90A4}"
EndProject
Project("{FAE04EC0-301F-11D3-BF4B-00C04F79EFBC}") = "CocoNats.Sample.Server", "samples\Blazorwasm\CocoNats.Sample\Server\CocoNats.Sample.Server.csproj", "{FA7CBDF7-6DDF-4520-B2DD-B6DA86961651}"
EndProject
Project("{FAE04EC0-301F-11D3-BF4B-00C04F79EFBC}") = "CocoNats.Sample.Shared", "samples\Blazorwasm\CocoNats.Sample\Shared\CocoNats.Sample.Shared.csproj", "{5F55219E-EC6B-4FBE-B310-B5D73443F9D6}"
EndProject
Project("{FAE04EC0-301F-11D3-BF4B-00C04F79EFBC}") = "Application", "samples\Blazorwasm\CocoNats.Sample\Application\Application.csproj", "{D51FDA04-322C-4CF0-98F1-808A45370B45}"
EndProject
Global
	GlobalSection(SolutionConfigurationPlatforms) = preSolution
		Debug|Any CPU = Debug|Any CPU
		Release|Any CPU = Release|Any CPU
	EndGlobalSection
	GlobalSection(SolutionProperties) = preSolution
		HideSolutionNode = FALSE
	EndGlobalSection
	GlobalSection(ProjectConfigurationPlatforms) = postSolution
		{83297D47-2F98-4CC2-88B8-D961355F9872}.Debug|Any CPU.ActiveCfg = Debug|Any CPU
		{83297D47-2F98-4CC2-88B8-D961355F9872}.Debug|Any CPU.Build.0 = Debug|Any CPU
		{83297D47-2F98-4CC2-88B8-D961355F9872}.Release|Any CPU.ActiveCfg = Release|Any CPU
		{83297D47-2F98-4CC2-88B8-D961355F9872}.Release|Any CPU.Build.0 = Release|Any CPU
		{BA9F3B45-F0E3-4002-9657-976402DE0131}.Debug|Any CPU.ActiveCfg = Debug|Any CPU
		{BA9F3B45-F0E3-4002-9657-976402DE0131}.Debug|Any CPU.Build.0 = Debug|Any CPU
		{BA9F3B45-F0E3-4002-9657-976402DE0131}.Release|Any CPU.ActiveCfg = Release|Any CPU
		{BA9F3B45-F0E3-4002-9657-976402DE0131}.Release|Any CPU.Build.0 = Release|Any CPU
		{D6813869-18FD-40A3-A9A0-0E35884BBDD0}.Debug|Any CPU.ActiveCfg = Debug|Any CPU
		{D6813869-18FD-40A3-A9A0-0E35884BBDD0}.Debug|Any CPU.Build.0 = Debug|Any CPU
		{D6813869-18FD-40A3-A9A0-0E35884BBDD0}.Release|Any CPU.ActiveCfg = Release|Any CPU
		{D6813869-18FD-40A3-A9A0-0E35884BBDD0}.Release|Any CPU.Build.0 = Release|Any CPU
		{3E650C35-4765-485C-9CB2-A9D315678567}.Debug|Any CPU.ActiveCfg = Debug|Any CPU
		{3E650C35-4765-485C-9CB2-A9D315678567}.Debug|Any CPU.Build.0 = Debug|Any CPU
		{3E650C35-4765-485C-9CB2-A9D315678567}.Release|Any CPU.ActiveCfg = Release|Any CPU
		{3E650C35-4765-485C-9CB2-A9D315678567}.Release|Any CPU.Build.0 = Release|Any CPU
		{A8C8F883-C5B5-4B33-960C-4CBDC8AC90A4}.Debug|Any CPU.ActiveCfg = Debug|Any CPU
		{A8C8F883-C5B5-4B33-960C-4CBDC8AC90A4}.Debug|Any CPU.Build.0 = Debug|Any CPU
		{A8C8F883-C5B5-4B33-960C-4CBDC8AC90A4}.Release|Any CPU.ActiveCfg = Release|Any CPU
		{A8C8F883-C5B5-4B33-960C-4CBDC8AC90A4}.Release|Any CPU.Build.0 = Release|Any CPU
		{FA7CBDF7-6DDF-4520-B2DD-B6DA86961651}.Debug|Any CPU.ActiveCfg = Debug|Any CPU
		{FA7CBDF7-6DDF-4520-B2DD-B6DA86961651}.Debug|Any CPU.Build.0 = Debug|Any CPU
		{FA7CBDF7-6DDF-4520-B2DD-B6DA86961651}.Release|Any CPU.ActiveCfg = Release|Any CPU
		{FA7CBDF7-6DDF-4520-B2DD-B6DA86961651}.Release|Any CPU.Build.0 = Release|Any CPU
		{5F55219E-EC6B-4FBE-B310-B5D73443F9D6}.Debug|Any CPU.ActiveCfg = Debug|Any CPU
		{5F55219E-EC6B-4FBE-B310-B5D73443F9D6}.Debug|Any CPU.Build.0 = Debug|Any CPU
		{5F55219E-EC6B-4FBE-B310-B5D73443F9D6}.Release|Any CPU.ActiveCfg = Release|Any CPU
		{5F55219E-EC6B-4FBE-B310-B5D73443F9D6}.Release|Any CPU.Build.0 = Release|Any CPU
		{D51FDA04-322C-4CF0-98F1-808A45370B45}.Debug|Any CPU.ActiveCfg = Debug|Any CPU
		{D51FDA04-322C-4CF0-98F1-808A45370B45}.Debug|Any CPU.Build.0 = Debug|Any CPU
		{D51FDA04-322C-4CF0-98F1-808A45370B45}.Release|Any CPU.ActiveCfg = Release|Any CPU
		{D51FDA04-322C-4CF0-98F1-808A45370B45}.Release|Any CPU.Build.0 = Release|Any CPU
	EndGlobalSection
	GlobalSection(NestedProjects) = preSolution
		{83297D47-2F98-4CC2-88B8-D961355F9872} = {1C8BEBD5-0EE6-49BE-940B-FE9F40212751}
		{BA9F3B45-F0E3-4002-9657-976402DE0131} = {AA9252E5-1AC8-4F00-BD33-3DDB40C24F9F}
		{D6813869-18FD-40A3-A9A0-0E35884BBDD0} = {AA9252E5-1AC8-4F00-BD33-3DDB40C24F9F}
		{3E650C35-4765-485C-9CB2-A9D315678567} = {CDBCC003-D6FC-4A2E-8F18-34A6576ECDFE}
		{0DA01A5F-A769-4E9E-8E24-49DF57E13F6D} = {1C8BEBD5-0EE6-49BE-940B-FE9F40212751}
		{CB5CF3A1-8660-49CE-B131-2237160AF0ED} = {0DA01A5F-A769-4E9E-8E24-49DF57E13F6D}
		{A8C8F883-C5B5-4B33-960C-4CBDC8AC90A4} = {CB5CF3A1-8660-49CE-B131-2237160AF0ED}
		{FA7CBDF7-6DDF-4520-B2DD-B6DA86961651} = {CB5CF3A1-8660-49CE-B131-2237160AF0ED}
		{5F55219E-EC6B-4FBE-B310-B5D73443F9D6} = {CB5CF3A1-8660-49CE-B131-2237160AF0ED}
		{D51FDA04-322C-4CF0-98F1-808A45370B45} = {CB5CF3A1-8660-49CE-B131-2237160AF0ED}
	EndGlobalSection
EndGlobal
